// !$*UTF8*$!
{
	archiveVersion = 1;
	classes = {
	};
	objectVersion = 46;
	objects = {

/* Begin PBXGroup section */
		EB07B9661760F2A900BF1F12 = {
			isa = PBXGroup;
			children = (
			);
			sourceTree = "<group>";
		};
/* End PBXGroup section */

/* Begin PBXProject section */
		EB07B9671760F2A900BF1F12 /* Project object */ = {
			isa = PBXProject;
			attributes = {
				LastUpgradeCheck = 0460;
			};
			buildConfigurationList = EB07B96A1760F2A900BF1F12 /* Build configuration list for PBXProject "inject_mruby" */;
			compatibilityVersion = "Xcode 3.2";
			developmentRegion = English;
			hasScannedForEncodings = 0;
			knownRegions = (
				en,
			);
			mainGroup = EB07B9661760F2A900BF1F12;
			projectDirPath = "";
			projectRoot = "";
			targets = (
			);
		};
/* End PBXProject section */

/* Begin XCBuildConfiguration section */
		EB07B96B1760F2A900BF1F12 /* Debug */ = {
			isa = XCBuildConfiguration;
			buildSettings = {
			};
			name = Debug;
		};
		EB07B96C1760F2A900BF1F12 /* Release */ = {
			isa = XCBuildConfiguration;
			buildSettings = {
			};
			name = Release;
		};
/* End XCBuildConfiguration section */

/* Begin XCConfigurationList section */
		EB07B96A1760F2A900BF1F12 /* Build configuration list for PBXProject "inject_mruby" */ = {
			isa = XCConfigurationList;
			buildConfigurations = (
				EB07B96B1760F2A900BF1F12 /* Debug */,
				EB07B96C1760F2A900BF1F12 /* Release */,
			);
			defaultConfigurationIsVisible = 0;
			defaultConfigurationName = Release;
		};
/* End XCConfigurationList section */
	};
	rootObject = EB07B9671760F2A900BF1F12 /* Project object */;
}
